schema: '2.0'
stages:
  get_features:
    cmd: python3 scripts/data_processing/get_features.py data/raw/train.csv
    deps:
    - path: data/raw/train.csv
      hash: md5
      md5: ea958d7a1f4e545337fe1b7b4f441264
      size: 35328285
    - path: scripts/data_processing/get_features.py
      hash: md5
      md5: edf6d8ce7a13bf1b7152f20583778944
      size: 586
    outs:
    - path: data/stage1
      hash: md5
      md5: 8d0f8820801b8223a76d81b80f04f384.dir
      size: 1784251
      nfiles: 1
  fill_na:
    cmd: python3 scripts/data_processing/fill_na.py data/stage1/train.csv
    deps:
    - path: data/stage1/train.csv
      hash: md5
      md5: 139e1c22076a6892d79d61673661edf5
      size: 1784251
    - path: scripts/data_processing/fill_na.py
      hash: md5
      md5: dc362a6818657112f75c0f5a4bec5ef3
      size: 552
    outs:
    - path: data/stage2
      hash: md5
      md5: 5026da5e9e90971be2b43fa4ab3bbd11.dir
      size: 2002013
      nfiles: 1
  text_to_numeric:
    cmd: python3 scripts/data_processing/change_text_to_numeric.py data/stage2/train.csv
    deps:
    - path: data/stage2/train.csv
      hash: md5
      md5: 8ade19b524fb62ae9e8bfc1042b5de23
      size: 2002013
    - path: scripts/data_processing/change_text_to_numeric.py
      hash: md5
      md5: c80fff01c8cfba442ebd4b17b05264c9
      size: 560
    outs:
    - path: data/stage3
      hash: md5
      md5: f91d000efbc0ed15b2bdab33964babfc.dir
      size: 1808259
      nfiles: 1
  split:
    cmd: python3 scripts/data_processing/train_test_split.py data/stage3/train.csv
    deps:
    - path: data/stage3/train.csv
      hash: md5
      md5: 7a92056b3ab8b8412d34c4f563dc5999
      size: 1808259
    - path: scripts/data_processing/train_test_split.py
      hash: md5
      md5: f67fd07b9f7faa4b3c3207a670a9674b
      size: 948
    params:
      params.yaml:
        split.split_ratio: 0.3
    outs:
    - path: data/stage4
      hash: md5
      md5: 6797aa4080e3a76c974d5a8947ce28a4.dir
      size: 1623153
      nfiles: 2
